// !$*UTF8*$!
{
	archiveVersion = 1;
	classes = {
	};
	objectVersion = 56;
	objects = {

/* Begin PBXBuildFile section */
		7CB1EFA52A67CF32001096D2 /* AppDelegate.swift in Sources */ = {isa = PBXBuildFile; fileRef = 7CB1EFA42A67CF32001096D2 /* AppDelegate.swift */; };
		7CB1EFA72A67CF32001096D2 /* SceneDelegate.swift in Sources */ = {isa = PBXBuildFile; fileRef = 7CB1EFA62A67CF32001096D2 /* SceneDelegate.swift */; };
		7CB1EFA92A67CF32001096D2 /* ViewController.swift in Sources */ = {isa = PBXBuildFile; fileRef = 7CB1EFA82A67CF32001096D2 /* ViewController.swift */; };
		7CB1EFAC2A67CF32001096D2 /* Main.storyboard in Resources */ = {isa = PBXBuildFile; fileRef = 7CB1EFAA2A67CF32001096D2 /* Main.storyboard */; };
		7CB1EFAE2A67CF33001096D2 /* Assets.xcassets in Resources */ = {isa = PBXBuildFile; fileRef = 7CB1EFAD2A67CF33001096D2 /* Assets.xcassets */; };
		7CB1EFB12A67CF33001096D2 /* LaunchScreen.storyboard in Resources */ = {isa = PBXBuildFile; fileRef = 7CB1EFAF2A67CF33001096D2 /* LaunchScreen.storyboard */; };
		7CB1EFBC2A67CF33001096D2 /* SnapKitPlaygroundTests.swift in Sources */ = {isa = PBXBuildFile; fileRef = 7CB1EFBB2A67CF33001096D2 /* SnapKitPlaygroundTests.swift */; };
		7CB1EFC62A67CF33001096D2 /* SnapKitPlaygroundUITests.swift in Sources */ = {isa = PBXBuildFile; fileRef = 7CB1EFC52A67CF33001096D2 /* SnapKitPlaygroundUITests.swift */; };
		7CB1EFC82A67CF33001096D2 /* SnapKitPlaygroundUITestsLaunchTests.swift in Sources */ = {isa = PBXBuildFile; fileRef = 7CB1EFC72A67CF33001096D2 /* SnapKitPlaygroundUITestsLaunchTests.swift */; };
/* End PBXBuildFile section */

/* Begin PBXContainerItemProxy section */
		7CB1EFB82A67CF33001096D2 /* PBXContainerItemProxy */ = {
			isa = PBXContainerItemProxy;
			containerPortal = 7CB1EF992A67CF32001096D2 /* Project object */;
			proxyType = 1;
			remoteGlobalIDString = 7CB1EFA02A67CF32001096D2;
			remoteInfo = SnapKitPlayground;
		};
		7CB1EFC22A67CF33001096D2 /* PBXContainerItemProxy */ = {
			isa = PBXContainerItemProxy;
			containerPortal = 7CB1EF992A67CF32001096D2 /* Project object */;
			proxyType = 1;
			remoteGlobalIDString = 7CB1EFA02A67CF32001096D2;
			remoteInfo = SnapKitPlayground;
		};
/* End PBXContainerItemProxy section */

/* Begin PBXFileReference section */
		7CB1EFA12A67CF32001096D2 /* SnapKitPlayground.app */ = {isa = PBXFileReference; explicitFileType = wrapper.application; includeInIndex = 0; path = SnapKitPlayground.app; sourceTree = BUILT_PRODUCTS_DIR; };
		7CB1EFA42A67CF32001096D2 /* AppDelegate.swift */ = {isa = PBXFileReference; lastKnownFileType = sourcecode.swift; path = AppDelegate.swift; sourceTree = "<group>"; };
		7CB1EFA62A67CF32001096D2 /* SceneDelegate.swift */ = {isa = PBXFileReference; lastKnownFileType = sourcecode.swift; path = SceneDelegate.swift; sourceTree = "<group>"; };
		7CB1EFA82A67CF32001096D2 /* ViewController.swift */ = {isa = PBXFileReference; lastKnownFileType = sourcecode.swift; path = ViewController.swift; sourceTree = "<group>"; };
		7CB1EFAB2A67CF32001096D2 /* Base */ = {isa = PBXFileReference; lastKnownFileType = file.storyboard; name = Base; path = Base.lproj/Main.storyboard; sourceTree = "<group>"; };
		7CB1EFAD2A67CF33001096D2 /* Assets.xcassets */ = {isa = PBXFileReference; lastKnownFileType = folder.assetcatalog; path = Assets.xcassets; sourceTree = "<group>"; };
		7CB1EFB02A67CF33001096D2 /* Base */ = {isa = PBXFileReference; lastKnownFileType = file.storyboard; name = Base; path = Base.lproj/LaunchScreen.storyboard; sourceTree = "<group>"; };
		7CB1EFB22A67CF33001096D2 /* Info.plist */ = {isa = PBXFileReference; lastKnownFileType = text.plist.xml; path = Info.plist; sourceTree = "<group>"; };
		7CB1EFB72A67CF33001096D2 /* SnapKitPlaygroundTests.xctest */ = {isa = PBXFileReference; explicitFileType = wrapper.cfbundle; includeInIndex = 0; path = SnapKitPlaygroundTests.xctest; sourceTree = BUILT_PRODUCTS_DIR; };
		7CB1EFBB2A67CF33001096D2 /* SnapKitPlaygroundTests.swift */ = {isa = PBXFileReference; lastKnownFileType = sourcecode.swift; path = SnapKitPlaygroundTests.swift; sourceTree = "<group>"; };
		7CB1EFC12A67CF33001096D2 /* SnapKitPlaygroundUITests.xctest */ = {isa = PBXFileReference; explicitFileType = wrapper.cfbundle; includeInIndex = 0; path = SnapKitPlaygroundUITests.xctest; sourceTree = BUILT_PRODUCTS_DIR; };
		7CB1EFC52A67CF33001096D2 /* SnapKitPlaygroundUITests.swift */ = {isa = PBXFileReference; lastKnownFileType = sourcecode.swift; path = SnapKitPlaygroundUITests.swift; sourceTree = "<group>"; };
		7CB1EFC72A67CF33001096D2 /* SnapKitPlaygroundUITestsLaunchTests.swift */ = {isa = PBXFileReference; lastKnownFileType = sourcecode.swift; path = SnapKitPlaygroundUITestsLaunchTests.swift; sourceTree = "<group>"; };
/* End PBXFileReference section */

/* Begin PBXFrameworksBuildPhase section */
		7CB1EF9E2A67CF32001096D2 /* Frameworks */ = {
			isa = PBXFrameworksBuildPhase;
			buildActionMask = 2147483647;
			files = (
			);
			runOnlyForDeploymentPostprocessing = 0;
		};
		7CB1EFB42A67CF33001096D2 /* Frameworks */ = {
			isa = PBXFrameworksBuildPhase;
			buildActionMask = 2147483647;
			files = (
			);
			runOnlyForDeploymentPostprocessing = 0;
		};
		7CB1EFBE2A67CF33001096D2 /* Frameworks */ = {
			isa = PBXFrameworksBuildPhase;
			buildActionMask = 2147483647;
			files = (
			);
			runOnlyForDeploymentPostprocessing = 0;
		};
/* End PBXFrameworksBuildPhase section */

/* Begin PBXGroup section */
		7CB1EF982A67CF32001096D2 = {
			isa = PBXGroup;
			children = (
				7CB1EFA32A67CF32001096D2 /* SnapKitPlayground */,
				7CB1EFBA2A67CF33001096D2 /* SnapKitPlaygroundTests */,
				7CB1EFC42A67CF33001096D2 /* SnapKitPlaygroundUITests */,
				7CB1EFA22A67CF32001096D2 /* Products */,
			);
			sourceTree = "<group>";
		};
		7CB1EFA22A67CF32001096D2 /* Products */ = {
			isa = PBXGroup;
			children = (
				7CB1EFA12A67CF32001096D2 /* SnapKitPlayground.app */,
				7CB1EFB72A67CF33001096D2 /* SnapKitPlaygroundTests.xctest */,
				7CB1EFC12A67CF33001096D2 /* SnapKitPlaygroundUITests.xctest */,
			);
			name = Products;
			sourceTree = "<group>";
		};
		7CB1EFA32A67CF32001096D2 /* SnapKitPlayground */ = {
			isa = PBXGroup;
			children = (
				7CB1EFA42A67CF32001096D2 /* AppDelegate.swift */,
				7CB1EFA62A67CF32001096D2 /* SceneDelegate.swift */,
				7CB1EFA82A67CF32001096D2 /* ViewController.swift */,
				7CB1EFAA2A67CF32001096D2 /* Main.storyboard */,
				7CB1EFAD2A67CF33001096D2 /* Assets.xcassets */,
				7CB1EFAF2A67CF33001096D2 /* LaunchScreen.storyboard */,
				7CB1EFB22A67CF33001096D2 /* Info.plist */,
			);
			path = SnapKitPlayground;
			sourceTree = "<group>";
		};
		7CB1EFBA2A67CF33001096D2 /* SnapKitPlaygroundTests */ = {
			isa = PBXGroup;
			children = (
				7CB1EFBB2A67CF33001096D2 /* SnapKitPlaygroundTests.swift */,
			);
			path = SnapKitPlaygroundTests;
			sourceTree = "<group>";
		};
		7CB1EFC42A67CF33001096D2 /* SnapKitPlaygroundUITests */ = {
			isa = PBXGroup;
			children = (
				7CB1EFC52A67CF33001096D2 /* SnapKitPlaygroundUITests.swift */,
				7CB1EFC72A67CF33001096D2 /* SnapKitPlaygroundUITestsLaunchTests.swift */,
			);
			path = SnapKitPlaygroundUITests;
			sourceTree = "<group>";
		};
/* End PBXGroup section */

/* Begin PBXNativeTarget section */
		7CB1EFA02A67CF32001096D2 /* SnapKitPlayground */ = {
			isa = PBXNativeTarget;
			buildConfigurationList = 7CB1EFCB2A67CF33001096D2 /* Build configuration list for PBXNativeTarget "SnapKitPlayground" */;
			buildPhases = (
				7CB1EF9D2A67CF32001096D2 /* Sources */,
				7CB1EF9E2A67CF32001096D2 /* Frameworks */,
				7CB1EF9F2A67CF32001096D2 /* Resources */,
			);
			buildRules = (
			);
			dependencies = (
			);
			name = SnapKitPlayground;
			productName = SnapKitPlayground;
			productReference = 7CB1EFA12A67CF32001096D2 /* SnapKitPlayground.app */;
			productType = "com.apple.product-type.application";
		};
		7CB1EFB62A67CF33001096D2 /* SnapKitPlaygroundTests */ = {
			isa = PBXNativeTarget;
			buildConfigurationList = 7CB1EFCE2A67CF33001096D2 /* Build configuration list for PBXNativeTarget "SnapKitPlaygroundTests" */;
			buildPhases = (
				7CB1EFB32A67CF33001096D2 /* Sources */,
				7CB1EFB42A67CF33001096D2 /* Frameworks */,
				7CB1EFB52A67CF33001096D2 /* Resources */,
			);
			buildRules = (
			);
			dependencies = (
				7CB1EFB92A67CF33001096D2 /* PBXTargetDependency */,
			);
			name = SnapKitPlaygroundTests;
			productName = SnapKitPlaygroundTests;
			productReference = 7CB1EFB72A67CF33001096D2 /* SnapKitPlaygroundTests.xctest */;
			productType = "com.apple.product-type.bundle.unit-test";
		};
		7CB1EFC02A67CF33001096D2 /* SnapKitPlaygroundUITests */ = {
			isa = PBXNativeTarget;
			buildConfigurationList = 7CB1EFD12A67CF33001096D2 /* Build configuration list for PBXNativeTarget "SnapKitPlaygroundUITests" */;
			buildPhases = (
				7CB1EFBD2A67CF33001096D2 /* Sources */,
				7CB1EFBE2A67CF33001096D2 /* Frameworks */,
				7CB1EFBF2A67CF33001096D2 /* Resources */,
			);
			buildRules = (
			);
			dependencies = (
				7CB1EFC32A67CF33001096D2 /* PBXTargetDependency */,
			);
			name = SnapKitPlaygroundUITests;
			productName = SnapKitPlaygroundUITests;
			productReference = 7CB1EFC12A67CF33001096D2 /* SnapKitPlaygroundUITests.xctest */;
			productType = "com.apple.product-type.bundle.ui-testing";
		};
/* End PBXNativeTarget section */

/* Begin PBXProject section */
		7CB1EF992A67CF32001096D2 /* Project object */ = {
			isa = PBXProject;
			attributes = {
				BuildIndependentTargetsInParallel = 1;
				LastSwiftUpdateCheck = 1430;
				LastUpgradeCheck = 1430;
				TargetAttributes = {
					7CB1EFA02A67CF32001096D2 = {
						CreatedOnToolsVersion = 14.3.1;
					};
					7CB1EFB62A67CF33001096D2 = {
						CreatedOnToolsVersion = 14.3.1;
						TestTargetID = 7CB1EFA02A67CF32001096D2;
					};
					7CB1EFC02A67CF33001096D2 = {
						CreatedOnToolsVersion = 14.3.1;
						TestTargetID = 7CB1EFA02A67CF32001096D2;
					};
				};
			};
			buildConfigurationList = 7CB1EF9C2A67CF32001096D2 /* Build configuration list for PBXProject "SnapKitPlayground" */;
			compatibilityVersion = "Xcode 14.0";
			developmentRegion = en;
			hasScannedForEncodings = 0;
			knownRegions = (
				en,
				Base,
			);
			mainGroup = 7CB1EF982A67CF32001096D2;
			productRefGroup = 7CB1EFA22A67CF32001096D2 /* Products */;
			projectDirPath = "";
			projectRoot = "";
			targets = (
				7CB1EFA02A67CF32001096D2 /* SnapKitPlayground */,
				7CB1EFB62A67CF33001096D2 /* SnapKitPlaygroundTests */,
				7CB1EFC02A67CF33001096D2 /* SnapKitPlaygroundUITests */,
			);
		};
/* End PBXProject section */

/* Begin PBXResourcesBuildPhase section */
		7CB1EF9F2A67CF32001096D2 /* Resources */ = {
			isa = PBXResourcesBuildPhase;
			buildActionMask = 2147483647;
			files = (
				7CB1EFB12A67CF33001096D2 /* LaunchScreen.storyboard in Resources */,
				7CB1EFAE2A67CF33001096D2 /* Assets.xcassets in Resources */,
				7CB1EFAC2A67CF32001096D2 /* Main.storyboard in Resources */,
			);
			runOnlyForDeploymentPostprocessing = 0;
		};
		7CB1EFB52A67CF33001096D2 /* Resources */ = {
			isa = PBXResourcesBuildPhase;
			buildActionMask = 2147483647;
			files = (
			);
			runOnlyForDeploymentPostprocessing = 0;
		};
		7CB1EFBF2A67CF33001096D2 /* Resources */ = {
			isa = PBXResourcesBuildPhase;
			buildActionMask = 2147483647;
			files = (
			);
			runOnlyForDeploymentPostprocessing = 0;
		};
/* End PBXResourcesBuildPhase section */

/* Begin PBXSourcesBuildPhase section */
		7CB1EF9D2A67CF32001096D2 /* Sources */ = {
			isa = PBXSourcesBuildPhase;
			buildActionMask = 2147483647;
			files = (
				7CB1EFA92A67CF32001096D2 /* ViewController.swift in Sources */,
				7CB1EFA52A67CF32001096D2 /* AppDelegate.swift in Sources */,
				7CB1EFA72A67CF32001096D2 /* SceneDelegate.swift in Sources */,
			);
			runOnlyForDeploymentPostprocessing = 0;
		};
		7CB1EFB32A67CF33001096D2 /* Sources */ = {
			isa = PBXSourcesBuildPhase;
			buildActionMask = 2147483647;
			files = (
				7CB1EFBC2A67CF33001096D2 /* SnapKitPlaygroundTests.swift in Sources */,
			);
			runOnlyForDeploymentPostprocessing = 0;
		};
		7CB1EFBD2A67CF33001096D2 /* Sources */ = {
			isa = PBXSourcesBuildPhase;
			buildActionMask = 2147483647;
			files = (
				7CB1EFC82A67CF33001096D2 /* SnapKitPlaygroundUITestsLaunchTests.swift in Sources */,
				7CB1EFC62A67CF33001096D2 /* SnapKitPlaygroundUITests.swift in Sources */,
			);
			runOnlyForDeploymentPostprocessing = 0;
		};
/* End PBXSourcesBuildPhase section */

/* Begin PBXTargetDependency section */
		7CB1EFB92A67CF33001096D2 /* PBXTargetDependency */ = {
			isa = PBXTargetDependency;
			target = 7CB1EFA02A67CF32001096D2 /* SnapKitPlayground */;
			targetProxy = 7CB1EFB82A67CF33001096D2 /* PBXContainerItemProxy */;
		};
		7CB1EFC32A67CF33001096D2 /* PBXTargetDependency */ = {
			isa = PBXTargetDependency;
			target = 7CB1EFA02A67CF32001096D2 /* SnapKitPlayground */;
			targetProxy = 7CB1EFC22A67CF33001096D2 /* PBXContainerItemProxy */;
		};
/* End PBXTargetDependency section */

/* Begin PBXVariantGroup section */
		7CB1EFAA2A67CF32001096D2 /* Main.storyboard */ = {
			isa = PBXVariantGroup;
			children = (
				7CB1EFAB2A67CF32001096D2 /* Base */,
			);
			name = Main.storyboard;
			sourceTree = "<group>";
		};
		7CB1EFAF2A67CF33001096D2 /* LaunchScreen.storyboard */ = {
			isa = PBXVariantGroup;
			children = (
				7CB1EFB02A67CF33001096D2 /* Base */,
			);
			name = LaunchScreen.storyboard;
			sourceTree = "<group>";
		};
/* End PBXVariantGroup section */

/* Begin XCBuildConfiguration section */
		7CB1EFC92A67CF33001096D2 /* Debug */ = {
			isa = XCBuildConfiguration;
			buildSettings = {
				ALWAYS_SEARCH_USER_PATHS = NO;
				CLANG_ANALYZER_NONNULL = YES;
				CLANG_ANALYZER_NUMBER_OBJECT_CONVERSION = YES_AGGRESSIVE;
				CLANG_CXX_LANGUAGE_STANDARD = "gnu++20";
				CLANG_ENABLE_MODULES = YES;
				CLANG_ENABLE_OBJC_ARC = YES;
				CLANG_ENABLE_OBJC_WEAK = YES;
				CLANG_WARN_BLOCK_CAPTURE_AUTORELEASING = YES;
				CLANG_WARN_BOOL_CONVERSION = YES;
				CLANG_WARN_COMMA = YES;
				CLANG_WARN_CONSTANT_CONVERSION = YES;
				CLANG_WARN_DEPRECATED_OBJC_IMPLEMENTATIONS = YES;
				CLANG_WARN_DIRECT_OBJC_ISA_USAGE = YES_ERROR;
				CLANG_WARN_DOCUMENTATION_COMMENTS = YES;
				CLANG_WARN_EMPTY_BODY = YES;
				CLANG_WARN_ENUM_CONVERSION = YES;
				CLANG_WARN_INFINITE_RECURSION = YES;
				CLANG_WARN_INT_CONVERSION = YES;
				CLANG_WARN_NON_LITERAL_NULL_CONVERSION = YES;
				CLANG_WARN_OBJC_IMPLICIT_RETAIN_SELF = YES;
				CLANG_WARN_OBJC_LITERAL_CONVERSION = YES;
				CLANG_WARN_OBJC_ROOT_CLASS = YES_ERROR;
				CLANG_WARN_QUOTED_INCLUDE_IN_FRAMEWORK_HEADER = YES;
				CLANG_WARN_RANGE_LOOP_ANALYSIS = YES;
				CLANG_WARN_STRICT_PROTOTYPES = YES;
				CLANG_WARN_SUSPICIOUS_MOVE = YES;
				CLANG_WARN_UNGUARDED_AVAILABILITY = YES_AGGRESSIVE;
				CLANG_WARN_UNREACHABLE_CODE = YES;
				CLANG_WARN__DUPLICATE_METHOD_MATCH = YES;
				COPY_PHASE_STRIP = NO;
				DEBUG_INFORMATION_FORMAT = dwarf;
				ENABLE_STRICT_OBJC_MSGSEND = YES;
				ENABLE_TESTABILITY = YES;
				GCC_C_LANGUAGE_STANDARD = gnu11;
				GCC_DYNAMIC_NO_PIC = NO;
				GCC_NO_COMMON_BLOCKS = YES;
				GCC_OPTIMIZATION_LEVEL = 0;
				GCC_PREPROCESSOR_DEFINITIONS = (
					"DEBUG=1",
					"$(inherited)",
				);
				GCC_WARN_64_TO_32_BIT_CONVERSION = YES;
				GCC_WARN_ABOUT_RETURN_TYPE = YES_ERROR;
				GCC_WARN_UNDECLARED_SELECTOR = YES;
				GCC_WARN_UNINITIALIZED_AUTOS = YES_AGGRESSIVE;
				GCC_WARN_UNUSED_FUNCTION = YES;
				GCC_WARN_UNUSED_VARIABLE = YES;
				IPHONEOS_DEPLOYMENT_TARGET = 16.4;
				MTL_ENABLE_DEBUG_INFO = INCLUDE_SOURCE;
				MTL_FAST_MATH = YES;
				ONLY_ACTIVE_ARCH = YES;
				SDKROOT = iphoneos;
				SWIFT_ACTIVE_COMPILATION_CONDITIONS = DEBUG;
				SWIFT_OPTIMIZATION_LEVEL = "-Onone";
			};
			name = Debug;
		};
		7CB1EFCA2A67CF33001096D2 /* Release */ = {
			isa = XCBuildConfiguration;
			buildSettings = {
				ALWAYS_SEARCH_USER_PATHS = NO;
				CLANG_ANALYZER_NONNULL = YES;
				CLANG_ANALYZER_NUMBER_OBJECT_CONVERSION = YES_AGGRESSIVE;
				CLANG_CXX_LANGUAGE_STANDARD = "gnu++20";
				CLANG_ENABLE_MODULES = YES;
				CLANG_ENABLE_OBJC_ARC = YES;
				CLANG_ENABLE_OBJC_WEAK = YES;
				CLANG_WARN_BLOCK_CAPTURE_AUTORELEASING = YES;
				CLANG_WARN_BOOL_CONVERSION = YES;
				CLANG_WARN_COMMA = YES;
				CLANG_WARN_CONSTANT_CONVERSION = YES;
				CLANG_WARN_DEPRECATED_OBJC_IMPLEMENTATIONS = YES;
				CLANG_WARN_DIRECT_OBJC_ISA_USAGE = YES_ERROR;
				CLANG_WARN_DOCUMENTATION_COMMENTS = YES;
				CLANG_WARN_EMPTY_BODY = YES;
				CLANG_WARN_ENUM_CONVERSION = YES;
				CLANG_WARN_INFINITE_RECURSION = YES;
				CLANG_WARN_INT_CONVERSION = YES;
				CLANG_WARN_NON_LITERAL_NULL_CONVERSION = YES;
				CLANG_WARN_OBJC_IMPLICIT_RETAIN_SELF = YES;
				CLANG_WARN_OBJC_LITERAL_CONVERSION = YES;
				CLANG_WARN_OBJC_ROOT_CLASS = YES_ERROR;
				CLANG_WARN_QUOTED_INCLUDE_IN_FRAMEWORK_HEADER = YES;
				CLANG_WARN_RANGE_LOOP_ANALYSIS = YES;
				CLANG_WARN_STRICT_PROTOTYPES = YES;
				CLANG_WARN_SUSPICIOUS_MOVE = YES;
				CLANG_WARN_UNGUARDED_AVAILABILITY = YES_AGGRESSIVE;
				CLANG_WARN_UNREACHABLE_CODE = YES;
				CLANG_WARN__DUPLICATE_METHOD_MATCH = YES;
				COPY_PHASE_STRIP = NO;
				DEBUG_INFORMATION_FORMAT = "dwarf-with-dsym";
				ENABLE_NS_ASSERTIONS = NO;
				ENABLE_STRICT_OBJC_MSGSEND = YES;
				GCC_C_LANGUAGE_STANDARD = gnu11;
				GCC_NO_COMMON_BLOCKS = YES;
				GCC_WARN_64_TO_32_BIT_CONVERSION = YES;
				GCC_WARN_ABOUT_RETURN_TYPE = YES_ERROR;
				GCC_WARN_UNDECLARED_SELECTOR = YES;
				GCC_WARN_UNINITIALIZED_AUTOS = YES_AGGRESSIVE;
				GCC_WARN_UNUSED_FUNCTION = YES;
				GCC_WARN_UNUSED_VARIABLE = YES;
				IPHONEOS_DEPLOYMENT_TARGET = 16.4;
				MTL_ENABLE_DEBUG_INFO = NO;
				MTL_FAST_MATH = YES;
				SDKROOT = iphoneos;
				SWIFT_COMPILATION_MODE = wholemodule;
				SWIFT_OPTIMIZATION_LEVEL = "-O";
				VALIDATE_PRODUCT = YES;
			};
			name = Release;
		};
		7CB1EFCC2A67CF33001096D2 /* Debug */ = {
			isa = XCBuildConfiguration;
			buildSettings = {
				ASSETCATALOG_COMPILER_APPICON_NAME = AppIcon;
				ASSETCATALOG_COMPILER_GLOBAL_ACCENT_COLOR_NAME = AccentColor;
				CODE_SIGN_STYLE = Automatic;
				CURRENT_PROJECT_VERSION = 1;
				GENERATE_INFOPLIST_FILE = YES;
				INFOPLIST_FILE = SnapKitPlayground/Info.plist;
				INFOPLIST_KEY_UIApplicationSupportsIndirectInputEvents = YES;
				INFOPLIST_KEY_UILaunchStoryboardName = LaunchScreen;
				INFOPLIST_KEY_UIMainStoryboardFile = Main;
				INFOPLIST_KEY_UISupportedInterfaceOrientations_iPad = "UIInterfaceOrientationPortrait UIInterfaceOrientationPortraitUpsideDown UIInterfaceOrientationLandscapeLeft UIInterfaceOrientationLandscapeRight";
				INFOPLIST_KEY_UISupportedInterfaceOrientations_iPhone = "UIInterfaceOrientationPortrait UIInterfaceOrientationLandscapeLeft UIInterfaceOrientationLandscapeRight";
				LD_RUNPATH_SEARCH_PATHS = (
					"$(inherited)",
					"@executable_path/Frameworks",
				);
				MARKETING_VERSION = 1.0;
				PRODUCT_BUNDLE_IDENTIFIER = com.test.SnapKitPlayground;
				PRODUCT_NAME = "$(TARGET_NAME)";
				SWIFT_EMIT_LOC_STRINGS = YES;
				SWIFT_VERSION = 5.0;
				TARGETED_DEVICE_FAMILY = "1,2";
			};
			name = Debug;
		};
		7CB1EFCD2A67CF33001096D2 /* Release */ = {
			isa = XCBuildConfiguration;
			buildSettings = {
				ASSETCATALOG_COMPILER_APPICON_NAME = AppIcon;
				ASSETCATALOG_COMPILER_GLOBAL_ACCENT_COLOR_NAME = AccentColor;
				CODE_SIGN_STYLE = Automatic;
				CURRENT_PROJECT_VERSION = 1;
				GENERATE_INFOPLIST_FILE = YES;
				INFOPLIST_FILE = SnapKitPlayground/Info.plist;
				INFOPLIST_KEY_UIApplicationSupportsIndirectInputEvents = YES;
				INFOPLIST_KEY_UILaunchStoryboardName = LaunchScreen;
				INFOPLIST_KEY_UIMainStoryboardFile = Main;
				INFOPLIST_KEY_UISupportedInterfaceOrientations_iPad = "UIInterfaceOrientationPortrait UIInterfaceOrientationPortraitUpsideDown UIInterfaceOrientationLandscapeLeft UIInterfaceOrientationLandscapeRight";
				INFOPLIST_KEY_UISupportedInterfaceOrientations_iPhone = "UIInterfaceOrientationPortrait UIInterfaceOrientationLandscapeLeft UIInterfaceOrientationLandscapeRight";
				LD_RUNPATH_SEARCH_PATHS = (
					"$(inherited)",
					"@executable_path/Frameworks",
				);
				MARKETING_VERSION = 1.0;
				PRODUCT_BUNDLE_IDENTIFIER = com.test.SnapKitPlayground;
				PRODUCT_NAME = "$(TARGET_NAME)";
				SWIFT_EMIT_LOC_STRINGS = YES;
				SWIFT_VERSION = 5.0;
				TARGETED_DEVICE_FAMILY = "1,2";
			};
			name = Release;
		};
		7CB1EFCF2A67CF33001096D2 /* Debug */ = {
			isa = XCBuildConfiguration;
			buildSettings = {
				ALWAYS_EMBED_SWIFT_STANDARD_LIBRARIES = YES;
				BUNDLE_LOADER = "$(TEST_HOST)";
				CODE_SIGN_STYLE = Automatic;
				CURRENT_PROJECT_VERSION = 1;
				GENERATE_INFOPLIST_FILE = YES;
				IPHONEOS_DEPLOYMENT_TARGET = 16.4;
				MARKETING_VERSION = 1.0;
				PRODUCT_BUNDLE_IDENTIFIER = com.test.SnapKitPlaygroundTests;
				PRODUCT_NAME = "$(TARGET_NAME)";
				SWIFT_EMIT_LOC_STRINGS = NO;
				SWIFT_VERSION = 5.0;
				TARGETED_DEVICE_FAMILY = "1,2";
				TEST_HOST = "$(BUILT_PRODUCTS_DIR)/SnapKitPlayground.app/$(BUNDLE_EXECUTABLE_FOLDER_PATH)/SnapKitPlayground";
			};
			name = Debug;
		};
		7CB1EFD02A67CF33001096D2 /* Release */ = {
			isa = XCBuildConfiguration;
			buildSettings = {
				ALWAYS_EMBED_SWIFT_STANDARD_LIBRARIES = YES;
				BUNDLE_LOADER = "$(TEST_HOST)";
				CODE_SIGN_STYLE = Automatic;
				CURRENT_PROJECT_VERSION = 1;
				GENERATE_INFOPLIST_FILE = YES;
				IPHONEOS_DEPLOYMENT_TARGET = 16.4;
				MARKETING_VERSION = 1.0;
				PRODUCT_BUNDLE_IDENTIFIER = com.test.SnapKitPlaygroundTests;
				PRODUCT_NAME = "$(TARGET_NAME)";
				SWIFT_EMIT_LOC_STRINGS = NO;
				SWIFT_VERSION = 5.0;
				TARGETED_DEVICE_FAMILY = "1,2";
				TEST_HOST = "$(BUILT_PRODUCTS_DIR)/SnapKitPlayground.app/$(BUNDLE_EXECUTABLE_FOLDER_PATH)/SnapKitPlayground";
			};
			name = Release;
		};
		7CB1EFD22A67CF33001096D2 /* Debug */ = {
			isa = XCBuildConfiguration;
			buildSettings = {
				ALWAYS_EMBED_SWIFT_STANDARD_LIBRARIES = YES;
				CODE_SIGN_STYLE = Automatic;
				CURRENT_PROJECT_VERSION = 1;
				GENERATE_INFOPLIST_FILE = YES;
				MARKETING_VERSION = 1.0;
				PRODUCT_BUNDLE_IDENTIFIER = com.test.SnapKitPlaygroundUITests;
				PRODUCT_NAME = "$(TARGET_NAME)";
				SWIFT_EMIT_LOC_STRINGS = NO;
				SWIFT_VERSION = 5.0;
				TARGETED_DEVICE_FAMILY = "1,2";
				TEST_TARGET_NAME = SnapKitPlayground;
			};
			name = Debug;
		};
		7CB1EFD32A67CF33001096D2 /* Release */ = {
			isa = XCBuildConfiguration;
			buildSettings = {
				ALWAYS_EMBED_SWIFT_STANDARD_LIBRARIES = YES;
				CODE_SIGN_STYLE = Automatic;
				CURRENT_PROJECT_VERSION = 1;
				GENERATE_INFOPLIST_FILE = YES;
				MARKETING_VERSION = 1.0;
				PRODUCT_BUNDLE_IDENTIFIER = com.test.SnapKitPlaygroundUITests;
				PRODUCT_NAME = "$(TARGET_NAME)";
				SWIFT_EMIT_LOC_STRINGS = NO;
				SWIFT_VERSION = 5.0;
				TARGETED_DEVICE_FAMILY = "1,2";
				TEST_TARGET_NAME = SnapKitPlayground;
			};
			name = Release;
		};
/* End XCBuildConfiguration section */

/* Begin XCConfigurationList section */
		7CB1EF9C2A67CF32001096D2 /* Build configuration list for PBXProject "SnapKitPlayground" */ = {
			isa = XCConfigurationList;
			buildConfigurations = (
				7CB1EFC92A67CF33001096D2 /* Debug */,
				7CB1EFCA2A67CF33001096D2 /* Release */,
			);
			defaultConfigurationIsVisible = 0;
			defaultConfigurationName = Release;
		};
		7CB1EFCB2A67CF33001096D2 /* Build configuration list for PBXNativeTarget "SnapKitPlayground" */ = {
			isa = XCConfigurationList;
			buildConfigurations = (
				7CB1EFCC2A67CF33001096D2 /* Debug */,
				7CB1EFCD2A67CF33001096D2 /* Release */,
			);
			defaultConfigurationIsVisible = 0;
			defaultConfigurationName = Release;
		};
		7CB1EFCE2A67CF33001096D2 /* Build configuration list for PBXNativeTarget "SnapKitPlaygroundTests" */ = {
			isa = XCConfigurationList;
			buildConfigurations = (
				7CB1EFCF2A67CF33001096D2 /* Debug */,
				7CB1EFD02A67CF33001096D2 /* Release */,
			);
			defaultConfigurationIsVisible = 0;
			defaultConfigurationName = Release;
		};
		7CB1EFD12A67CF33001096D2 /* Build configuration list for PBXNativeTarget "SnapKitPlaygroundUITests" */ = {
			isa = XCConfigurationList;
			buildConfigurations = (
				7CB1EFD22A67CF33001096D2 /* Debug */,
				7CB1EFD32A67CF33001096D2 /* Release */,
			);
			defaultConfigurationIsVisible = 0;
			defaultConfigurationName = Release;
		};
/* End XCConfigurationList section */
	};
	rootObject = 7CB1EF992A67CF32001096D2 /* Project object */;
}
